
Microsoft Visual Studio Solution File, Format Version 12.00
# Visual Studio Version 17
VisualStudioVersion = 17.2.32602.215
MinimumVisualStudioVersion = 10.0.40219.1
Project("{FAE04EC0-301F-11D3-BF4B-00C04F79EFBC}") = "RCFixer", "RCFixer\RCFixer.csproj", "{A091A71F-CFBA-4A7B-AC24-89B62613098D}"
EndProject
Global
	GlobalSection(SolutionConfigurationPlatforms) = preSolution
		Debug|Any CPU = Debug|Any CPU
		Release|Any CPU = Release|Any CPU
	EndGlobalSection
	GlobalSection(ProjectConfigurationPlatforms) = postSolution
		{A091A71F-CFBA-4A7B-AC24-89B62613098D}.Debug|Any CPU.ActiveCfg = Debug|Any CPU
		{A091A71F-CFBA-4A7B-AC24-89B62613098D}.Debug|Any CPU.Build.0 = Debug|Any CPU
		{A091A71F-CFBA-4A7B-AC24-89B62613098D}.Release|Any CPU.ActiveCfg = Release|Any CPU
		{A091A71F-CFBA-4A7B-AC24-89B62613098D}.Release|Any CPU.Build.0 = Release|Any CPU
	EndGlobalSection
	GlobalSection(SolutionProperties) = preSolution
		HideSolutionNode = FALSE
	EndGlobalSection
	GlobalSection(ExtensibilityGlobals) = postSolution
		SolutionGuid = {8D2D5F61-83D5-44D3-9EB8-88612936882B}
	EndGlobalSection
EndGlobal
